
Microsoft Visual Studio Solution File, Format Version 12.00
# Visual Studio Version 17
VisualStudioVersion = 17.10.35004.147
MinimumVisualStudioVersion = 10.0.40219.1
Project("{9A19103F-16F7-4668-BE54-9A1E7A4F7556}") = "DependencyFinder.Test", "DependencyFinder.Test\DependencyFinder.Test.csproj", "{A8539DEE-FB3F-4D28-9051-317D66F5F21C}"
EndProject
Project("{9A19103F-16F7-4668-BE54-9A1E7A4F7556}") = "DependencyFinder.Tool", "DependancyFinder.Tool\DependencyFinder.Tool.csproj", "{BCAF7C2F-AA5F-4C3B-AF99-AEED3F88C646}"
EndProject
Global
	GlobalSection(SolutionConfigurationPlatforms) = preSolution
		Debug|Any CPU = Debug|Any CPU
		Release|Any CPU = Release|Any CPU
	EndGlobalSection
	GlobalSection(ProjectConfigurationPlatforms) = postSolution
		{A8539DEE-FB3F-4D28-9051-317D66F5F21C}.Debug|Any CPU.ActiveCfg = Debug|Any CPU
		{A8539DEE-FB3F-4D28-9051-317D66F5F21C}.Debug|Any CPU.Build.0 = Debug|Any CPU
		{A8539DEE-FB3F-4D28-9051-317D66F5F21C}.Release|Any CPU.ActiveCfg = Release|Any CPU
		{A8539DEE-FB3F-4D28-9051-317D66F5F21C}.Release|Any CPU.Build.0 = Release|Any CPU
		{BCAF7C2F-AA5F-4C3B-AF99-AEED3F88C646}.Debug|Any CPU.ActiveCfg = Debug|Any CPU
		{BCAF7C2F-AA5F-4C3B-AF99-AEED3F88C646}.Debug|Any CPU.Build.0 = Debug|Any CPU
		{BCAF7C2F-AA5F-4C3B-AF99-AEED3F88C646}.Release|Any CPU.ActiveCfg = Release|Any CPU
		{BCAF7C2F-AA5F-4C3B-AF99-AEED3F88C646}.Release|Any CPU.Build.0 = Release|Any CPU
	EndGlobalSection
	GlobalSection(SolutionProperties) = preSolution
		HideSolutionNode = FALSE
	EndGlobalSection
	GlobalSection(ExtensibilityGlobals) = postSolution
		SolutionGuid = {1020B0ED-2E1E-4138-AD3B-2A8E2C329856}
	EndGlobalSection
EndGlobal
